
Microsoft Visual Studio Solution File, Format Version 12.00
# Visual Studio Version 16
VisualStudioVersion = 16.0.30204.135
MinimumVisualStudioVersion = 10.0.40219.1
Project("{FAE04EC0-301F-11D3-BF4B-00C04F79EFBC}") = "DeezerAPI.Web", "DeezerAPI.Web\DeezerAPI.Web.csproj", "{FD2575FF-520F-4CF1-8254-DBDAE6F113AB}"
EndProject
Project("{FAE04EC0-301F-11D3-BF4B-00C04F79EFBC}") = "DeezerAPI.Web.Tests", "DeezerAPI.Tests\DeezerAPI.Web.Tests.csproj", "{F2C7EAE7-69AC-4574-AC9F-EFC4CA617153}"
EndProject
Global
	GlobalSection(SolutionConfigurationPlatforms) = preSolution
		Debug|Any CPU = Debug|Any CPU
		Release|Any CPU = Release|Any CPU
	EndGlobalSection
	GlobalSection(ProjectConfigurationPlatforms) = postSolution
		{FD2575FF-520F-4CF1-8254-DBDAE6F113AB}.Debug|Any CPU.ActiveCfg = Debug|Any CPU
		{FD2575FF-520F-4CF1-8254-DBDAE6F113AB}.Debug|Any CPU.Build.0 = Debug|Any CPU
		{FD2575FF-520F-4CF1-8254-DBDAE6F113AB}.Release|Any CPU.ActiveCfg = Release|Any CPU
		{FD2575FF-520F-4CF1-8254-DBDAE6F113AB}.Release|Any CPU.Build.0 = Release|Any CPU
		{F2C7EAE7-69AC-4574-AC9F-EFC4CA617153}.Debug|Any CPU.ActiveCfg = Debug|Any CPU
		{F2C7EAE7-69AC-4574-AC9F-EFC4CA617153}.Debug|Any CPU.Build.0 = Debug|Any CPU
		{F2C7EAE7-69AC-4574-AC9F-EFC4CA617153}.Release|Any CPU.ActiveCfg = Release|Any CPU
		{F2C7EAE7-69AC-4574-AC9F-EFC4CA617153}.Release|Any CPU.Build.0 = Release|Any CPU
	EndGlobalSection
	GlobalSection(SolutionProperties) = preSolution
		HideSolutionNode = FALSE
	EndGlobalSection
	GlobalSection(ExtensibilityGlobals) = postSolution
		SolutionGuid = {50BD9BA4-B614-4EAC-BE10-68AD0F5E4D8C}
	EndGlobalSection
EndGlobal
